
Microsoft Visual Studio Solution File, Format Version 12.00
# Visual Studio Version 17
VisualStudioVersion = 17.10.34928.147
MinimumVisualStudioVersion = 10.0.40219.1
Project("{FAE04EC0-301F-11D3-BF4B-00C04F79EFBC}") = "ClassLibrary", "ClassLibrary\ClassLibrary.csproj", "{B2F4C5D1-1821-4893-9B7B-859667FF0B49}"
EndProject
Project("{FAE04EC0-301F-11D3-BF4B-00C04F79EFBC}") = "WpfApp", "WpfApp\WpfApp.csproj", "{F4628874-B122-4849-9FF2-9B832BD0A022}"
EndProject
Global
	GlobalSection(SolutionConfigurationPlatforms) = preSolution
		Debug|Any CPU = Debug|Any CPU
		Release|Any CPU = Release|Any CPU
	EndGlobalSection
	GlobalSection(ProjectConfigurationPlatforms) = postSolution
		{B2F4C5D1-1821-4893-9B7B-859667FF0B49}.Debug|Any CPU.ActiveCfg = Debug|Any CPU
		{B2F4C5D1-1821-4893-9B7B-859667FF0B49}.Debug|Any CPU.Build.0 = Debug|Any CPU
		{B2F4C5D1-1821-4893-9B7B-859667FF0B49}.Release|Any CPU.ActiveCfg = Release|Any CPU
		{B2F4C5D1-1821-4893-9B7B-859667FF0B49}.Release|Any CPU.Build.0 = Release|Any CPU
		{F4628874-B122-4849-9FF2-9B832BD0A022}.Debug|Any CPU.ActiveCfg = Debug|Any CPU
		{F4628874-B122-4849-9FF2-9B832BD0A022}.Debug|Any CPU.Build.0 = Debug|Any CPU
		{F4628874-B122-4849-9FF2-9B832BD0A022}.Release|Any CPU.ActiveCfg = Release|Any CPU
		{F4628874-B122-4849-9FF2-9B832BD0A022}.Release|Any CPU.Build.0 = Release|Any CPU
	EndGlobalSection
	GlobalSection(SolutionProperties) = preSolution
		HideSolutionNode = FALSE
	EndGlobalSection
	GlobalSection(ExtensibilityGlobals) = postSolution
		SolutionGuid = {F395BE6F-767C-4C63-B4C1-91DE661000C0}
	EndGlobalSection
EndGlobal
